// !$*UTF8*$!
{
	archiveVersion = 1;
	classes = {
	};
	objectVersion = 56;
	objects = {

/* Begin PBXBuildFile section */
		930982DD29496D5B009C68AA /* CoinImageView.swift in Sources */ = {isa = PBXBuildFile; fileRef = 930982DC29496D5B009C68AA /* CoinImageView.swift */; };
		931E92872C7678100042DDF0 /* SettingsView.swift in Sources */ = {isa = PBXBuildFile; fileRef = 931E92862C7678100042DDF0 /* SettingsView.swift */; };
		931E928A2C7679E10042DDF0 /* Constants.swift in Sources */ = {isa = PBXBuildFile; fileRef = 931E92892C7679E10042DDF0 /* Constants.swift */; };
		9330F6562C752C3C00C00222 /* DetailViewModel.swift in Sources */ = {isa = PBXBuildFile; fileRef = 9330F6552C752C3C00C00222 /* DetailViewModel.swift */; };
		9330F65B2C752C8900C00222 /* DetailView.swift in Sources */ = {isa = PBXBuildFile; fileRef = 9330F65A2C752C8900C00222 /* DetailView.swift */; };
		9330F65D2C752CB900C00222 /* ChartView.swift in Sources */ = {isa = PBXBuildFile; fileRef = 9330F65C2C752CB900C00222 /* ChartView.swift */; };
		9330F65F2C752CFB00C00222 /* Date.swift in Sources */ = {isa = PBXBuildFile; fileRef = 9330F65E2C752CFB00C00222 /* Date.swift */; };
		9330F6612C752D4C00C00222 /* CoinDetailDataService.swift in Sources */ = {isa = PBXBuildFile; fileRef = 9330F6602C752D4C00C00222 /* CoinDetailDataService.swift */; };
		9330F6632C752D8100C00222 /* CoinDetailModel.swift in Sources */ = {isa = PBXBuildFile; fileRef = 9330F6622C752D8100C00222 /* CoinDetailModel.swift */; };
		9330F6652C752DA900C00222 /* String.swift in Sources */ = {isa = PBXBuildFile; fileRef = 9330F6642C752DA900C00222 /* String.swift */; };
		9339AD312A9A5F8400BD065A /* PortfolioView.swift in Sources */ = {isa = PBXBuildFile; fileRef = 9339AD302A9A5F8400BD065A /* PortfolioView.swift */; };
		9339AD332A9A618500BD065A /* XMarksButton.swift in Sources */ = {isa = PBXBuildFile; fileRef = 9339AD322A9A618500BD065A /* XMarksButton.swift */; };
		9348085E298C24F600A8A796 /* StatisticModel.swift in Sources */ = {isa = PBXBuildFile; fileRef = 9348085D298C24F600A8A796 /* StatisticModel.swift */; };
		93480861298C27B700A8A796 /* StatisticView.swift in Sources */ = {isa = PBXBuildFile; fileRef = 93480860298C27B700A8A796 /* StatisticView.swift */; };
		93480863298C4AA300A8A796 /* HomeStatsView.swift in Sources */ = {isa = PBXBuildFile; fileRef = 93480862298C4AA300A8A796 /* HomeStatsView.swift */; };
		93480865298C579200A8A796 /* MarketDataModel.swift in Sources */ = {isa = PBXBuildFile; fileRef = 93480864298C579200A8A796 /* MarketDataModel.swift */; };
		93480867298C668D00A8A796 /* MarketDataService.swift in Sources */ = {isa = PBXBuildFile; fileRef = 93480866298C668D00A8A796 /* MarketDataService.swift */; };
		9357AF022C7303AF008C245E /* HapticManager.swift in Sources */ = {isa = PBXBuildFile; fileRef = 9357AF012C7303AF008C245E /* HapticManager.swift */; };
		9361990B29884317000EE010 /* SearchBarView.swift in Sources */ = {isa = PBXBuildFile; fileRef = 9361990A29884317000EE010 /* SearchBarView.swift */; };
		9361990D298875A3000EE010 /* UIApplication.swift in Sources */ = {isa = PBXBuildFile; fileRef = 9361990C298875A3000EE010 /* UIApplication.swift */; };
		9361D04729448002005BC488 /* NetworkingManager.swift in Sources */ = {isa = PBXBuildFile; fileRef = 9361D04629448001005BC488 /* NetworkingManager.swift */; };
		937DA64629761DE200ECB108 /* CoinImageService.swift in Sources */ = {isa = PBXBuildFile; fileRef = 937DA64529761DE200ECB108 /* CoinImageService.swift */; };
		937DA648297625BC00ECB108 /* CoinImageViewModel.swift in Sources */ = {isa = PBXBuildFile; fileRef = 937DA647297625BC00ECB108 /* CoinImageViewModel.swift */; };
		937DA64A2976359B00ECB108 /* LocalFileManager.swift in Sources */ = {isa = PBXBuildFile; fileRef = 937DA6492976359B00ECB108 /* LocalFileManager.swift */; };
		93D5542A2ADECCFF00DEC1F0 /* PortfolioContainer.xcdatamodeld in Sources */ = {isa = PBXBuildFile; fileRef = 93D554282ADECCFF00DEC1F0 /* PortfolioContainer.xcdatamodeld */; };
		93D5542C2ADECE1A00DEC1F0 /* PortfolioDataService.swift in Sources */ = {isa = PBXBuildFile; fileRef = 93D5542B2ADECE1A00DEC1F0 /* PortfolioDataService.swift */; };
		93E7034E2931DDF700F97733 /* CryptoAppApp.swift in Sources */ = {isa = PBXBuildFile; fileRef = 93E7034D2931DDF700F97733 /* CryptoAppApp.swift */; };
		93E703502931DDF700F97733 /* ContentView.swift in Sources */ = {isa = PBXBuildFile; fileRef = 93E7034F2931DDF700F97733 /* ContentView.swift */; };
		93E703562931DDF800F97733 /* Preview Assets.xcassets in Resources */ = {isa = PBXBuildFile; fileRef = 93E703552931DDF800F97733 /* Preview Assets.xcassets */; };
		93E703692931E7F400F97733 /* Assets.xcassets in Resources */ = {isa = PBXBuildFile; fileRef = 93E703682931E7F400F97733 /* Assets.xcassets */; };
		93E7036B2931F6E100F97733 /* Color.swift in Sources */ = {isa = PBXBuildFile; fileRef = 93E7036A2931F6E100F97733 /* Color.swift */; };
		93E703722932144A00F97733 /* HomeView.swift in Sources */ = {isa = PBXBuildFile; fileRef = 93E703712932144A00F97733 /* HomeView.swift */; };
		93E7037629321DDD00F97733 /* CircleButtonView.swift in Sources */ = {isa = PBXBuildFile; fileRef = 93E7037529321DDD00F97733 /* CircleButtonView.swift */; };
		93E703782932263B00F97733 /* CircleButtonAnimationView.swift in Sources */ = {isa = PBXBuildFile; fileRef = 93E703772932263B00F97733 /* CircleButtonAnimationView.swift */; };
		93E7037B2932A2E900F97733 /* CoinModel.swift in Sources */ = {isa = PBXBuildFile; fileRef = 93E7037A2932A2E900F97733 /* CoinModel.swift */; };
		93E7037F2933274800F97733 /* CoinRowView.swift in Sources */ = {isa = PBXBuildFile; fileRef = 93E7037E2933274800F97733 /* CoinRowView.swift */; };
		93E703812933330700F97733 /* PreviewProvider.swift in Sources */ = {isa = PBXBuildFile; fileRef = 93E703802933330700F97733 /* PreviewProvider.swift */; };
		93E7038329353A7500F97733 /* Double.swift in Sources */ = {isa = PBXBuildFile; fileRef = 93E7038229353A7500F97733 /* Double.swift */; };
		93E7038529359CE000F97733 /* HomeViewModel.swift in Sources */ = {isa = PBXBuildFile; fileRef = 93E7038429359CE000F97733 /* HomeViewModel.swift */; };
		93E703882938825000F97733 /* CoinDataService.swift in Sources */ = {isa = PBXBuildFile; fileRef = 93E703872938825000F97733 /* CoinDataService.swift */; };
		93F6C09F2AD9A0E70011E2EE /* CoinLogoView.swift in Sources */ = {isa = PBXBuildFile; fileRef = 93F6C09E2AD9A0E70011E2EE /* CoinLogoView.swift */; };
/* End PBXBuildFile section */

/* Begin PBXFileReference section */
		930982DC29496D5B009C68AA /* CoinImageView.swift */ = {isa = PBXFileReference; lastKnownFileType = sourcecode.swift; path = CoinImageView.swift; sourceTree = "<group>"; };
		931E92862C7678100042DDF0 /* SettingsView.swift */ = {isa = PBXFileReference; lastKnownFileType = sourcecode.swift; path = SettingsView.swift; sourceTree = "<group>"; };
		931E92892C7679E10042DDF0 /* Constants.swift */ = {isa = PBXFileReference; lastKnownFileType = sourcecode.swift; path = Constants.swift; sourceTree = "<group>"; };
		9330F6552C752C3C00C00222 /* DetailViewModel.swift */ = {isa = PBXFileReference; lastKnownFileType = sourcecode.swift; path = DetailViewModel.swift; sourceTree = "<group>"; };
		9330F65A2C752C8900C00222 /* DetailView.swift */ = {isa = PBXFileReference; lastKnownFileType = sourcecode.swift; path = DetailView.swift; sourceTree = "<group>"; };
		9330F65C2C752CB900C00222 /* ChartView.swift */ = {isa = PBXFileReference; lastKnownFileType = sourcecode.swift; path = ChartView.swift; sourceTree = "<group>"; };
		9330F65E2C752CFB00C00222 /* Date.swift */ = {isa = PBXFileReference; lastKnownFileType = sourcecode.swift; path = Date.swift; sourceTree = "<group>"; };
		9330F6602C752D4C00C00222 /* CoinDetailDataService.swift */ = {isa = PBXFileReference; lastKnownFileType = sourcecode.swift; path = CoinDetailDataService.swift; sourceTree = "<group>"; };
		9330F6622C752D8100C00222 /* CoinDetailModel.swift */ = {isa = PBXFileReference; lastKnownFileType = sourcecode.swift; path = CoinDetailModel.swift; sourceTree = "<group>"; };
		9330F6642C752DA900C00222 /* String.swift */ = {isa = PBXFileReference; lastKnownFileType = sourcecode.swift; path = String.swift; sourceTree = "<group>"; };
		9339AD302A9A5F8400BD065A /* PortfolioView.swift */ = {isa = PBXFileReference; lastKnownFileType = sourcecode.swift; path = PortfolioView.swift; sourceTree = "<group>"; };
		9339AD322A9A618500BD065A /* XMarksButton.swift */ = {isa = PBXFileReference; lastKnownFileType = sourcecode.swift; path = XMarksButton.swift; sourceTree = "<group>"; };
		9348085D298C24F600A8A796 /* StatisticModel.swift */ = {isa = PBXFileReference; lastKnownFileType = sourcecode.swift; path = StatisticModel.swift; sourceTree = "<group>"; };
		93480860298C27B700A8A796 /* StatisticView.swift */ = {isa = PBXFileReference; lastKnownFileType = sourcecode.swift; path = StatisticView.swift; sourceTree = "<group>"; };
		93480862298C4AA300A8A796 /* HomeStatsView.swift */ = {isa = PBXFileReference; lastKnownFileType = sourcecode.swift; path = HomeStatsView.swift; sourceTree = "<group>"; };
		93480864298C579200A8A796 /* MarketDataModel.swift */ = {isa = PBXFileReference; lastKnownFileType = sourcecode.swift; path = MarketDataModel.swift; sourceTree = "<group>"; };
		93480866298C668D00A8A796 /* MarketDataService.swift */ = {isa = PBXFileReference; lastKnownFileType = sourcecode.swift; path = MarketDataService.swift; sourceTree = "<group>"; };
		9357AF012C7303AF008C245E /* HapticManager.swift */ = {isa = PBXFileReference; lastKnownFileType = sourcecode.swift; path = HapticManager.swift; sourceTree = "<group>"; };
		9361990A29884317000EE010 /* SearchBarView.swift */ = {isa = PBXFileReference; lastKnownFileType = sourcecode.swift; path = SearchBarView.swift; sourceTree = "<group>"; };
		9361990C298875A3000EE010 /* UIApplication.swift */ = {isa = PBXFileReference; lastKnownFileType = sourcecode.swift; path = UIApplication.swift; sourceTree = "<group>"; };
		9361D04629448001005BC488 /* NetworkingManager.swift */ = {isa = PBXFileReference; lastKnownFileType = sourcecode.swift; path = NetworkingManager.swift; sourceTree = "<group>"; };
		937DA64529761DE200ECB108 /* CoinImageService.swift */ = {isa = PBXFileReference; lastKnownFileType = sourcecode.swift; path = CoinImageService.swift; sourceTree = "<group>"; };
		937DA647297625BC00ECB108 /* CoinImageViewModel.swift */ = {isa = PBXFileReference; lastKnownFileType = sourcecode.swift; path = CoinImageViewModel.swift; sourceTree = "<group>"; };
		937DA6492976359B00ECB108 /* LocalFileManager.swift */ = {isa = PBXFileReference; lastKnownFileType = sourcecode.swift; path = LocalFileManager.swift; sourceTree = "<group>"; };
		93D554292ADECCFF00DEC1F0 /* PortfolioContainer.xcdatamodel */ = {isa = PBXFileReference; lastKnownFileType = wrapper.xcdatamodel; path = PortfolioContainer.xcdatamodel; sourceTree = "<group>"; };
		93D5542B2ADECE1A00DEC1F0 /* PortfolioDataService.swift */ = {isa = PBXFileReference; lastKnownFileType = sourcecode.swift; path = PortfolioDataService.swift; sourceTree = "<group>"; };
		93E7034A2931DDF700F97733 /* CryptoApp.app */ = {isa = PBXFileReference; explicitFileType = wrapper.application; includeInIndex = 0; path = CryptoApp.app; sourceTree = BUILT_PRODUCTS_DIR; };
		93E7034D2931DDF700F97733 /* CryptoAppApp.swift */ = {isa = PBXFileReference; lastKnownFileType = sourcecode.swift; path = CryptoAppApp.swift; sourceTree = "<group>"; };
		93E7034F2931DDF700F97733 /* ContentView.swift */ = {isa = PBXFileReference; lastKnownFileType = sourcecode.swift; path = ContentView.swift; sourceTree = "<group>"; };
		93E703532931DDF800F97733 /* CryptoApp.entitlements */ = {isa = PBXFileReference; lastKnownFileType = text.plist.entitlements; path = CryptoApp.entitlements; sourceTree = "<group>"; };
		93E703552931DDF800F97733 /* Preview Assets.xcassets */ = {isa = PBXFileReference; lastKnownFileType = folder.assetcatalog; path = "Preview Assets.xcassets"; sourceTree = "<group>"; };
		93E703682931E7F400F97733 /* Assets.xcassets */ = {isa = PBXFileReference; lastKnownFileType = folder.assetcatalog; path = Assets.xcassets; sourceTree = "<group>"; };
		93E7036A2931F6E100F97733 /* Color.swift */ = {isa = PBXFileReference; lastKnownFileType = sourcecode.swift; path = Color.swift; sourceTree = "<group>"; };
		93E703712932144A00F97733 /* HomeView.swift */ = {isa = PBXFileReference; lastKnownFileType = sourcecode.swift; path = HomeView.swift; sourceTree = "<group>"; };
		93E7037529321DDD00F97733 /* CircleButtonView.swift */ = {isa = PBXFileReference; lastKnownFileType = sourcecode.swift; path = CircleButtonView.swift; sourceTree = "<group>"; };
		93E703772932263B00F97733 /* CircleButtonAnimationView.swift */ = {isa = PBXFileReference; lastKnownFileType = sourcecode.swift; path = CircleButtonAnimationView.swift; sourceTree = "<group>"; };
		93E7037A2932A2E900F97733 /* CoinModel.swift */ = {isa = PBXFileReference; lastKnownFileType = sourcecode.swift; path = CoinModel.swift; sourceTree = "<group>"; };
		93E7037E2933274800F97733 /* CoinRowView.swift */ = {isa = PBXFileReference; lastKnownFileType = sourcecode.swift; path = CoinRowView.swift; sourceTree = "<group>"; };
		93E703802933330700F97733 /* PreviewProvider.swift */ = {isa = PBXFileReference; lastKnownFileType = sourcecode.swift; path = PreviewProvider.swift; sourceTree = "<group>"; };
		93E7038229353A7500F97733 /* Double.swift */ = {isa = PBXFileReference; lastKnownFileType = sourcecode.swift; path = Double.swift; sourceTree = "<group>"; };
		93E7038429359CE000F97733 /* HomeViewModel.swift */ = {isa = PBXFileReference; lastKnownFileType = sourcecode.swift; path = HomeViewModel.swift; sourceTree = "<group>"; };
		93E703872938825000F97733 /* CoinDataService.swift */ = {isa = PBXFileReference; lastKnownFileType = sourcecode.swift; path = CoinDataService.swift; sourceTree = "<group>"; };
		93F6C09E2AD9A0E70011E2EE /* CoinLogoView.swift */ = {isa = PBXFileReference; lastKnownFileType = sourcecode.swift; path = CoinLogoView.swift; sourceTree = "<group>"; };
/* End PBXFileReference section */

/* Begin PBXFrameworksBuildPhase section */
		93E703472931DDF700F97733 /* Frameworks */ = {
			isa = PBXFrameworksBuildPhase;
			buildActionMask = 2147483647;
			files = (
			);
			runOnlyForDeploymentPostprocessing = 0;
		};
/* End PBXFrameworksBuildPhase section */

/* Begin PBXGroup section */
		930982DB29496D3D009C68AA /* CoinImage */ = {
			isa = PBXGroup;
			children = (
				930982DC29496D5B009C68AA /* CoinImageView.swift */,
				937DA647297625BC00ECB108 /* CoinImageViewModel.swift */,
				93F6C09E2AD9A0E70011E2EE /* CoinLogoView.swift */,
			);
			path = CoinImage;
			sourceTree = "<group>";
		};
		931E92842C7677E90042DDF0 /* Settings */ = {
			isa = PBXGroup;
			children = (
				931E92852C7677F40042DDF0 /* Views */,
			);
			path = Settings;
			sourceTree = "<group>";
		};
		931E92852C7677F40042DDF0 /* Views */ = {
			isa = PBXGroup;
			children = (
				931E92862C7678100042DDF0 /* SettingsView.swift */,
			);
			path = Views;
			sourceTree = "<group>";
		};
		931E92882C7679C10042DDF0 /* Common */ = {
			isa = PBXGroup;
			children = (
				931E92892C7679E10042DDF0 /* Constants.swift */,
			);
			path = Common;
			sourceTree = "<group>";
		};
		9330F6542C752C1500C00222 /* ViewModels */ = {
			isa = PBXGroup;
			children = (
				9330F6552C752C3C00C00222 /* DetailViewModel.swift */,
			);
			path = ViewModels;
			sourceTree = "<group>";
		};
		9330F6572C752C6100C00222 /* Views */ = {
			isa = PBXGroup;
			children = (
				9330F65A2C752C8900C00222 /* DetailView.swift */,
				9330F65C2C752CB900C00222 /* ChartView.swift */,
			);
			path = Views;
			sourceTree = "<group>";
		};
		9361D04529447FB5005BC488 /* Utilities */ = {
			isa = PBXGroup;
			children = (
				9361D04629448001005BC488 /* NetworkingManager.swift */,
				937DA6492976359B00ECB108 /* LocalFileManager.swift */,
				9357AF012C7303AF008C245E /* HapticManager.swift */,
			);
			path = Utilities;
			sourceTree = "<group>";
		};
		93E5B3462C740F9700EC2361 /* Detail */ = {
			isa = PBXGroup;
			children = (
				9330F6542C752C1500C00222 /* ViewModels */,
				9330F6572C752C6100C00222 /* Views */,
			);
			path = Detail;
			sourceTree = "<group>";
		};
		93E703412931DDF700F97733 = {
			isa = PBXGroup;
			children = (
				93E7034C2931DDF700F97733 /* CryptoApp */,
				93E7034B2931DDF700F97733 /* Products */,
			);
			sourceTree = "<group>";
		};
		93E7034B2931DDF700F97733 /* Products */ = {
			isa = PBXGroup;
			children = (
				93E7034A2931DDF700F97733 /* CryptoApp.app */,
			);
			name = Products;
			sourceTree = "<group>";
		};
		93E7034C2931DDF700F97733 /* CryptoApp */ = {
			isa = PBXGroup;
			children = (
				93E7034D2931DDF700F97733 /* CryptoAppApp.swift */,
				931E92882C7679C10042DDF0 /* Common */,
				9361D04529447FB5005BC488 /* Utilities */,
				93E7036C2931F70E00F97733 /* Extensions */,
				93E703862938820400F97733 /* Services */,
				93E703792932A2AF00F97733 /* Models */,
				93E7036D293213AF00F97733 /* Core */,
				93E7034F2931DDF700F97733 /* ContentView.swift */,
				93E703532931DDF800F97733 /* CryptoApp.entitlements */,
				93E703682931E7F400F97733 /* Assets.xcassets */,
				93E703542931DDF800F97733 /* Preview Content */,
			);
			path = CryptoApp;
			sourceTree = "<group>";
		};
		93E703542931DDF800F97733 /* Preview Content */ = {
			isa = PBXGroup;
			children = (
				93E703552931DDF800F97733 /* Preview Assets.xcassets */,
			);
			path = "Preview Content";
			sourceTree = "<group>";
		};
		93E7036C2931F70E00F97733 /* Extensions */ = {
			isa = PBXGroup;
			children = (
				93E7036A2931F6E100F97733 /* Color.swift */,
				93E703802933330700F97733 /* PreviewProvider.swift */,
				93E7038229353A7500F97733 /* Double.swift */,
				9361990C298875A3000EE010 /* UIApplication.swift */,
				9330F65E2C752CFB00C00222 /* Date.swift */,
				9330F6642C752DA900C00222 /* String.swift */,
			);
			path = Extensions;
			sourceTree = "<group>";
		};
		93E7036D293213AF00F97733 /* Core */ = {
			isa = PBXGroup;
			children = (
				93E7037329321D9800F97733 /* Components */,
				93E7036E293213E900F97733 /* Home */,
				93E5B3462C740F9700EC2361 /* Detail */,
				931E92842C7677E90042DDF0 /* Settings */,
			);
			path = Core;
			sourceTree = "<group>";
		};
		93E7036E293213E900F97733 /* Home */ = {
			isa = PBXGroup;
			children = (
				93E703702932140C00F97733 /* ViewModels */,
				93E7036F2932140100F97733 /* Views */,
			);
			path = Home;
			sourceTree = "<group>";
		};
		93E7036F2932140100F97733 /* Views */ = {
			isa = PBXGroup;
			children = (
				93E703712932144A00F97733 /* HomeView.swift */,
				93E7037E2933274800F97733 /* CoinRowView.swift */,
				93480862298C4AA300A8A796 /* HomeStatsView.swift */,
				9339AD302A9A5F8400BD065A /* PortfolioView.swift */,
			);
			path = Views;
			sourceTree = "<group>";
		};
		93E703702932140C00F97733 /* ViewModels */ = {
			isa = PBXGroup;
			children = (
				93E7038429359CE000F97733 /* HomeViewModel.swift */,
			);
			path = ViewModels;
			sourceTree = "<group>";
		};
		93E7037329321D9800F97733 /* Components */ = {
			isa = PBXGroup;
			children = (
				930982DB29496D3D009C68AA /* CoinImage */,
				93E7037429321DB800F97733 /* CircleButton */,
				9361990A29884317000EE010 /* SearchBarView.swift */,
				93480860298C27B700A8A796 /* StatisticView.swift */,
				9339AD322A9A618500BD065A /* XMarksButton.swift */,
			);
			path = Components;
			sourceTree = "<group>";
		};
		93E7037429321DB800F97733 /* CircleButton */ = {
			isa = PBXGroup;
			children = (
				93E7037529321DDD00F97733 /* CircleButtonView.swift */,
				93E703772932263B00F97733 /* CircleButtonAnimationView.swift */,
			);
			path = CircleButton;
			sourceTree = "<group>";
		};
		93E703792932A2AF00F97733 /* Models */ = {
			isa = PBXGroup;
			children = (
				93E7037A2932A2E900F97733 /* CoinModel.swift */,
				9348085D298C24F600A8A796 /* StatisticModel.swift */,
				93480864298C579200A8A796 /* MarketDataModel.swift */,
				93D554282ADECCFF00DEC1F0 /* PortfolioContainer.xcdatamodeld */,
				9330F6622C752D8100C00222 /* CoinDetailModel.swift */,
			);
			path = Models;
			sourceTree = "<group>";
		};
		93E703862938820400F97733 /* Services */ = {
			isa = PBXGroup;
			children = (
				93E703872938825000F97733 /* CoinDataService.swift */,
				937DA64529761DE200ECB108 /* CoinImageService.swift */,
				93480866298C668D00A8A796 /* MarketDataService.swift */,
				93D5542B2ADECE1A00DEC1F0 /* PortfolioDataService.swift */,
				9330F6602C752D4C00C00222 /* CoinDetailDataService.swift */,
			);
			path = Services;
			sourceTree = "<group>";
		};
/* End PBXGroup section */

/* Begin PBXNativeTarget section */
		93E703492931DDF700F97733 /* CryptoApp */ = {
			isa = PBXNativeTarget;
			buildConfigurationList = 93E703592931DDF800F97733 /* Build configuration list for PBXNativeTarget "CryptoApp" */;
			buildPhases = (
				93E703462931DDF700F97733 /* Sources */,
				93E703472931DDF700F97733 /* Frameworks */,
				93E703482931DDF700F97733 /* Resources */,
			);
			buildRules = (
			);
			dependencies = (
			);
			name = CryptoApp;
			productName = CryptoApp;
			productReference = 93E7034A2931DDF700F97733 /* CryptoApp.app */;
			productType = "com.apple.product-type.application";
		};
/* End PBXNativeTarget section */

/* Begin PBXProject section */
		93E703422931DDF700F97733 /* Project object */ = {
			isa = PBXProject;
			attributes = {
				BuildIndependentTargetsInParallel = 1;
				LastSwiftUpdateCheck = 1400;
				LastUpgradeCheck = 1520;
				TargetAttributes = {
					93E703492931DDF700F97733 = {
						CreatedOnToolsVersion = 14.0.1;
					};
				};
			};
			buildConfigurationList = 93E703452931DDF700F97733 /* Build configuration list for PBXProject "CryptoApp" */;
			compatibilityVersion = "Xcode 14.0";
			developmentRegion = en;
			hasScannedForEncodings = 0;
			knownRegions = (
				en,
				Base,
			);
			mainGroup = 93E703412931DDF700F97733;
			productRefGroup = 93E7034B2931DDF700F97733 /* Products */;
			projectDirPath = "";
			projectRoot = "";
			targets = (
				93E703492931DDF700F97733 /* CryptoApp */,
			);
		};
/* End PBXProject section */

/* Begin PBXResourcesBuildPhase section */
		93E703482931DDF700F97733 /* Resources */ = {
			isa = PBXResourcesBuildPhase;
			buildActionMask = 2147483647;
			files = (
				93E703692931E7F400F97733 /* Assets.xcassets in Resources */,
				93E703562931DDF800F97733 /* Preview Assets.xcassets in Resources */,
			);
			runOnlyForDeploymentPostprocessing = 0;
		};
/* End PBXResourcesBuildPhase section */

/* Begin PBXSourcesBuildPhase section */
		93E703462931DDF700F97733 /* Sources */ = {
			isa = PBXSourcesBuildPhase;
			buildActionMask = 2147483647;
			files = (
				93D5542A2ADECCFF00DEC1F0 /* PortfolioContainer.xcdatamodeld in Sources */,
				9330F6632C752D8100C00222 /* CoinDetailModel.swift in Sources */,
				9348085E298C24F600A8A796 /* StatisticModel.swift in Sources */,
				93E703882938825000F97733 /* CoinDataService.swift in Sources */,
				93E7037F2933274800F97733 /* CoinRowView.swift in Sources */,
				93E7038529359CE000F97733 /* HomeViewModel.swift in Sources */,
				93E703502931DDF700F97733 /* ContentView.swift in Sources */,
				937DA64A2976359B00ECB108 /* LocalFileManager.swift in Sources */,
				93480865298C579200A8A796 /* MarketDataModel.swift in Sources */,
				93E703722932144A00F97733 /* HomeView.swift in Sources */,
				93480861298C27B700A8A796 /* StatisticView.swift in Sources */,
				930982DD29496D5B009C68AA /* CoinImageView.swift in Sources */,
				93E7034E2931DDF700F97733 /* CryptoAppApp.swift in Sources */,
				9361990D298875A3000EE010 /* UIApplication.swift in Sources */,
				9330F6562C752C3C00C00222 /* DetailViewModel.swift in Sources */,
				93E7037629321DDD00F97733 /* CircleButtonView.swift in Sources */,
				93E7036B2931F6E100F97733 /* Color.swift in Sources */,
				9361990B29884317000EE010 /* SearchBarView.swift in Sources */,
				9357AF022C7303AF008C245E /* HapticManager.swift in Sources */,
				9361D04729448002005BC488 /* NetworkingManager.swift in Sources */,
				931E928A2C7679E10042DDF0 /* Constants.swift in Sources */,
				93480863298C4AA300A8A796 /* HomeStatsView.swift in Sources */,
				93F6C09F2AD9A0E70011E2EE /* CoinLogoView.swift in Sources */,
				93480867298C668D00A8A796 /* MarketDataService.swift in Sources */,
				93E703782932263B00F97733 /* CircleButtonAnimationView.swift in Sources */,
				9330F65F2C752CFB00C00222 /* Date.swift in Sources */,
				9339AD332A9A618500BD065A /* XMarksButton.swift in Sources */,
				937DA648297625BC00ECB108 /* CoinImageViewModel.swift in Sources */,
				9330F6652C752DA900C00222 /* String.swift in Sources */,
				9330F6612C752D4C00C00222 /* CoinDetailDataService.swift in Sources */,
				9330F65B2C752C8900C00222 /* DetailView.swift in Sources */,
				93E703812933330700F97733 /* PreviewProvider.swift in Sources */,
				9339AD312A9A5F8400BD065A /* PortfolioView.swift in Sources */,
				93E7038329353A7500F97733 /* Double.swift in Sources */,
				9330F65D2C752CB900C00222 /* ChartView.swift in Sources */,
				937DA64629761DE200ECB108 /* CoinImageService.swift in Sources */,
				93E7037B2932A2E900F97733 /* CoinModel.swift in Sources */,
				93D5542C2ADECE1A00DEC1F0 /* PortfolioDataService.swift in Sources */,
				931E92872C7678100042DDF0 /* SettingsView.swift in Sources */,
			);
			runOnlyForDeploymentPostprocessing = 0;
		};
/* End PBXSourcesBuildPhase section */

/* Begin XCBuildConfiguration section */
		93E703572931DDF800F97733 /* Debug */ = {
			isa = XCBuildConfiguration;
			buildSettings = {
				ALWAYS_SEARCH_USER_PATHS = NO;
				ASSETCATALOG_COMPILER_GENERATE_SWIFT_ASSET_SYMBOL_EXTENSIONS = YES;
				CLANG_ANALYZER_NONNULL = YES;
				CLANG_ANALYZER_NUMBER_OBJECT_CONVERSION = YES_AGGRESSIVE;
				CLANG_CXX_LANGUAGE_STANDARD = "gnu++20";
				CLANG_ENABLE_MODULES = YES;
				CLANG_ENABLE_OBJC_ARC = YES;
				CLANG_ENABLE_OBJC_WEAK = YES;
				CLANG_WARN_BLOCK_CAPTURE_AUTORELEASING = YES;
				CLANG_WARN_BOOL_CONVERSION = YES;
				CLANG_WARN_COMMA = YES;
				CLANG_WARN_CONSTANT_CONVERSION = YES;
				CLANG_WARN_DEPRECATED_OBJC_IMPLEMENTATIONS = YES;
				CLANG_WARN_DIRECT_OBJC_ISA_USAGE = YES_ERROR;
				CLANG_WARN_DOCUMENTATION_COMMENTS = YES;
				CLANG_WARN_EMPTY_BODY = YES;
				CLANG_WARN_ENUM_CONVERSION = YES;
				CLANG_WARN_INFINITE_RECURSION = YES;
				CLANG_WARN_INT_CONVERSION = YES;
				CLANG_WARN_NON_LITERAL_NULL_CONVERSION = YES;
				CLANG_WARN_OBJC_IMPLICIT_RETAIN_SELF = YES;
				CLANG_WARN_OBJC_LITERAL_CONVERSION = YES;
				CLANG_WARN_OBJC_ROOT_CLASS = YES_ERROR;
				CLANG_WARN_QUOTED_INCLUDE_IN_FRAMEWORK_HEADER = YES;
				CLANG_WARN_RANGE_LOOP_ANALYSIS = YES;
				CLANG_WARN_STRICT_PROTOTYPES = YES;
				CLANG_WARN_SUSPICIOUS_MOVE = YES;
				CLANG_WARN_UNGUARDED_AVAILABILITY = YES_AGGRESSIVE;
				CLANG_WARN_UNREACHABLE_CODE = YES;
				CLANG_WARN__DUPLICATE_METHOD_MATCH = YES;
				COPY_PHASE_STRIP = NO;
				DEAD_CODE_STRIPPING = YES;
				DEBUG_INFORMATION_FORMAT = dwarf;
				ENABLE_STRICT_OBJC_MSGSEND = YES;
				ENABLE_TESTABILITY = YES;
				ENABLE_USER_SCRIPT_SANDBOXING = YES;
				GCC_C_LANGUAGE_STANDARD = gnu11;
				GCC_DYNAMIC_NO_PIC = NO;
				GCC_NO_COMMON_BLOCKS = YES;
				GCC_OPTIMIZATION_LEVEL = 0;
				GCC_PREPROCESSOR_DEFINITIONS = (
					"DEBUG=1",
					"$(inherited)",
				);
				GCC_WARN_64_TO_32_BIT_CONVERSION = YES;
				GCC_WARN_ABOUT_RETURN_TYPE = YES_ERROR;
				GCC_WARN_UNDECLARED_SELECTOR = YES;
				GCC_WARN_UNINITIALIZED_AUTOS = YES_AGGRESSIVE;
				GCC_WARN_UNUSED_FUNCTION = YES;
				GCC_WARN_UNUSED_VARIABLE = YES;
				MTL_ENABLE_DEBUG_INFO = INCLUDE_SOURCE;
				MTL_FAST_MATH = YES;
				ONLY_ACTIVE_ARCH = YES;
				SWIFT_ACTIVE_COMPILATION_CONDITIONS = DEBUG;
				SWIFT_OPTIMIZATION_LEVEL = "-Onone";
			};
			name = Debug;
		};
		93E703582931DDF800F97733 /* Release */ = {
			isa = XCBuildConfiguration;
			buildSettings = {
				ALWAYS_SEARCH_USER_PATHS = NO;
				ASSETCATALOG_COMPILER_GENERATE_SWIFT_ASSET_SYMBOL_EXTENSIONS = YES;
				CLANG_ANALYZER_NONNULL = YES;
				CLANG_ANALYZER_NUMBER_OBJECT_CONVERSION = YES_AGGRESSIVE;
				CLANG_CXX_LANGUAGE_STANDARD = "gnu++20";
				CLANG_ENABLE_MODULES = YES;
				CLANG_ENABLE_OBJC_ARC = YES;
				CLANG_ENABLE_OBJC_WEAK = YES;
				CLANG_WARN_BLOCK_CAPTURE_AUTORELEASING = YES;
				CLANG_WARN_BOOL_CONVERSION = YES;
				CLANG_WARN_COMMA = YES;
				CLANG_WARN_CONSTANT_CONVERSION = YES;
				CLANG_WARN_DEPRECATED_OBJC_IMPLEMENTATIONS = YES;
				CLANG_WARN_DIRECT_OBJC_ISA_USAGE = YES_ERROR;
				CLANG_WARN_DOCUMENTATION_COMMENTS = YES;
				CLANG_WARN_EMPTY_BODY = YES;
				CLANG_WARN_ENUM_CONVERSION = YES;
				CLANG_WARN_INFINITE_RECURSION = YES;
				CLANG_WARN_INT_CONVERSION = YES;
				CLANG_WARN_NON_LITERAL_NULL_CONVERSION = YES;
				CLANG_WARN_OBJC_IMPLICIT_RETAIN_SELF = YES;
				CLANG_WARN_OBJC_LITERAL_CONVERSION = YES;
				CLANG_WARN_OBJC_ROOT_CLASS = YES_ERROR;
				CLANG_WARN_QUOTED_INCLUDE_IN_FRAMEWORK_HEADER = YES;
				CLANG_WARN_RANGE_LOOP_ANALYSIS = YES;
				CLANG_WARN_STRICT_PROTOTYPES = YES;
				CLANG_WARN_SUSPICIOUS_MOVE = YES;
				CLANG_WARN_UNGUARDED_AVAILABILITY = YES_AGGRESSIVE;
				CLANG_WARN_UNREACHABLE_CODE = YES;
				CLANG_WARN__DUPLICATE_METHOD_MATCH = YES;
				COPY_PHASE_STRIP = NO;
				DEAD_CODE_STRIPPING = YES;
				DEBUG_INFORMATION_FORMAT = "dwarf-with-dsym";
				ENABLE_NS_ASSERTIONS = NO;
				ENABLE_STRICT_OBJC_MSGSEND = YES;
				ENABLE_USER_SCRIPT_SANDBOXING = YES;
				GCC_C_LANGUAGE_STANDARD = gnu11;
				GCC_NO_COMMON_BLOCKS = YES;
				GCC_WARN_64_TO_32_BIT_CONVERSION = YES;
				GCC_WARN_ABOUT_RETURN_TYPE = YES_ERROR;
				GCC_WARN_UNDECLARED_SELECTOR = YES;
				GCC_WARN_UNINITIALIZED_AUTOS = YES_AGGRESSIVE;
				GCC_WARN_UNUSED_FUNCTION = YES;
				GCC_WARN_UNUSED_VARIABLE = YES;
				MTL_ENABLE_DEBUG_INFO = NO;
				MTL_FAST_MATH = YES;
				SWIFT_COMPILATION_MODE = wholemodule;
				SWIFT_OPTIMIZATION_LEVEL = "-O";
			};
			name = Release;
		};
		93E7035A2931DDF800F97733 /* Debug */ = {
			isa = XCBuildConfiguration;
			buildSettings = {
				ASSETCATALOG_COMPILER_APPICON_NAME = AppIcon;
				ASSETCATALOG_COMPILER_GLOBAL_ACCENT_COLOR_NAME = AccentColor;
				CODE_SIGN_ENTITLEMENTS = CryptoApp/CryptoApp.entitlements;
				CODE_SIGN_STYLE = Automatic;
				CURRENT_PROJECT_VERSION = 1;
				DEAD_CODE_STRIPPING = YES;
				DEVELOPMENT_ASSET_PATHS = "\"CryptoApp/Preview Content\"";
				DEVELOPMENT_TEAM = PRAK7FCXFF;
				ENABLE_HARDENED_RUNTIME = YES;
				ENABLE_PREVIEWS = YES;
				GENERATE_INFOPLIST_FILE = YES;
				INFOPLIST_KEY_CFBundleDisplayName = CryptoApp;
				"INFOPLIST_KEY_UIApplicationSceneManifest_Generation[sdk=iphoneos*]" = YES;
				"INFOPLIST_KEY_UIApplicationSceneManifest_Generation[sdk=iphonesimulator*]" = YES;
				"INFOPLIST_KEY_UIApplicationSupportsIndirectInputEvents[sdk=iphoneos*]" = YES;
				"INFOPLIST_KEY_UIApplicationSupportsIndirectInputEvents[sdk=iphonesimulator*]" = YES;
				"INFOPLIST_KEY_UILaunchScreen_Generation[sdk=iphoneos*]" = YES;
				"INFOPLIST_KEY_UILaunchScreen_Generation[sdk=iphonesimulator*]" = YES;
				"INFOPLIST_KEY_UIStatusBarStyle[sdk=iphoneos*]" = UIStatusBarStyleDefault;
				"INFOPLIST_KEY_UIStatusBarStyle[sdk=iphonesimulator*]" = UIStatusBarStyleDefault;
				INFOPLIST_KEY_UISupportedInterfaceOrientations = UIInterfaceOrientationPortrait;
				IPHONEOS_DEPLOYMENT_TARGET = 16.0;
				LD_RUNPATH_SEARCH_PATHS = "@executable_path/Frameworks";
				"LD_RUNPATH_SEARCH_PATHS[sdk=macosx*]" = "@executable_path/../Frameworks";
				MACOSX_DEPLOYMENT_TARGET = 12.3;
				MARKETING_VERSION = 1.0;
				PRODUCT_BUNDLE_IDENTIFIER = com.siranli.CryptoApp;
				PRODUCT_NAME = "$(TARGET_NAME)";
				SDKROOT = auto;
				SUPPORTED_PLATFORMS = "iphoneos iphonesimulator macosx";
				SWIFT_EMIT_LOC_STRINGS = YES;
				SWIFT_VERSION = 5.0;
				TARGETED_DEVICE_FAMILY = "1,2";
			};
			name = Debug;
		};
		93E7035B2931DDF800F97733 /* Release */ = {
			isa = XCBuildConfiguration;
			buildSettings = {
				ASSETCATALOG_COMPILER_APPICON_NAME = AppIcon;
				ASSETCATALOG_COMPILER_GLOBAL_ACCENT_COLOR_NAME = AccentColor;
				CODE_SIGN_ENTITLEMENTS = CryptoApp/CryptoApp.entitlements;
				CODE_SIGN_STYLE = Automatic;
				CURRENT_PROJECT_VERSION = 1;
				DEAD_CODE_STRIPPING = YES;
				DEVELOPMENT_ASSET_PATHS = "\"CryptoApp/Preview Content\"";
				DEVELOPMENT_TEAM = PRAK7FCXFF;
				ENABLE_HARDENED_RUNTIME = YES;
				ENABLE_PREVIEWS = YES;
				GENERATE_INFOPLIST_FILE = YES;
				INFOPLIST_KEY_CFBundleDisplayName = CryptoApp;
				"INFOPLIST_KEY_UIApplicationSceneManifest_Generation[sdk=iphoneos*]" = YES;
				"INFOPLIST_KEY_UIApplicationSceneManifest_Generation[sdk=iphonesimulator*]" = YES;
				"INFOPLIST_KEY_UIApplicationSupportsIndirectInputEvents[sdk=iphoneos*]" = YES;
				"INFOPLIST_KEY_UIApplicationSupportsIndirectInputEvents[sdk=iphonesimulator*]" = YES;
				"INFOPLIST_KEY_UILaunchScreen_Generation[sdk=iphoneos*]" = YES;
				"INFOPLIST_KEY_UILaunchScreen_Generation[sdk=iphonesimulator*]" = YES;
				"INFOPLIST_KEY_UIStatusBarStyle[sdk=iphoneos*]" = UIStatusBarStyleDefault;
				"INFOPLIST_KEY_UIStatusBarStyle[sdk=iphonesimulator*]" = UIStatusBarStyleDefault;
				INFOPLIST_KEY_UISupportedInterfaceOrientations = UIInterfaceOrientationPortrait;
				IPHONEOS_DEPLOYMENT_TARGET = 16.0;
				LD_RUNPATH_SEARCH_PATHS = "@executable_path/Frameworks";
				"LD_RUNPATH_SEARCH_PATHS[sdk=macosx*]" = "@executable_path/../Frameworks";
				MACOSX_DEPLOYMENT_TARGET = 12.3;
				MARKETING_VERSION = 1.0;
				PRODUCT_BUNDLE_IDENTIFIER = com.siranli.CryptoApp;
				PRODUCT_NAME = "$(TARGET_NAME)";
				SDKROOT = auto;
				SUPPORTED_PLATFORMS = "iphoneos iphonesimulator macosx";
				SWIFT_EMIT_LOC_STRINGS = YES;
				SWIFT_VERSION = 5.0;
				TARGETED_DEVICE_FAMILY = "1,2";
			};
			name = Release;
		};
/* End XCBuildConfiguration section */

/* Begin XCConfigurationList section */
		93E703452931DDF700F97733 /* Build configuration list for PBXProject "CryptoApp" */ = {
			isa = XCConfigurationList;
			buildConfigurations = (
				93E703572931DDF800F97733 /* Debug */,
				93E703582931DDF800F97733 /* Release */,
			);
			defaultConfigurationIsVisible = 0;
			defaultConfigurationName = Release;
		};
		93E703592931DDF800F97733 /* Build configuration list for PBXNativeTarget "CryptoApp" */ = {
			isa = XCConfigurationList;
			buildConfigurations = (
				93E7035A2931DDF800F97733 /* Debug */,
				93E7035B2931DDF800F97733 /* Release */,
			);
			defaultConfigurationIsVisible = 0;
			defaultConfigurationName = Release;
		};
/* End XCConfigurationList section */

/* Begin XCVersionGroup section */
		93D554282ADECCFF00DEC1F0 /* PortfolioContainer.xcdatamodeld */ = {
			isa = XCVersionGroup;
			children = (
				93D554292ADECCFF00DEC1F0 /* PortfolioContainer.xcdatamodel */,
			);
			currentVersion = 93D554292ADECCFF00DEC1F0 /* PortfolioContainer.xcdatamodel */;
			path = PortfolioContainer.xcdatamodeld;
			sourceTree = "<group>";
			versionGroupType = wrapper.xcdatamodel;
		};
/* End XCVersionGroup section */
	};
	rootObject = 93E703422931DDF700F97733 /* Project object */;
}
